{
  "name": "iris-node-pq-monitor",
  "version": "0.1.0",
  "lockfileVersion": 1,
  "requires": true,
  "dependencies": {
    "nodemailer": {
      "version": "6.4.10",
      "resolved": "https://registry.npmjs.org/nodemailer/-/nodemailer-6.4.10.tgz",
      "integrity": "sha512-j+pS9CURhPgk6r0ENr7dji+As2xZiHSvZeVnzKniLOw1eRAyM/7flP0u65tCnsapV8JFu+t0l/5VeHsCZEeh9g=="
    },
    "ws": {
      "version": "7.3.0",
      "resolved": "https://registry.npmjs.org/ws/-/ws-7.3.0.tgz",
      "integrity": "sha512-iFtXzngZVXPGgpTlP1rBqsUK82p9tKqsWRPg5L56egiljujJT3vGAYnHANvFxBieXrTFavhzhxW52jnaWV+w2w=="
    }
  }
}
